
Microsoft Visual Studio Solution File, Format Version 12.00
# Visual Studio Version 17
VisualStudioVersion = 17.11.35303.130
MinimumVisualStudioVersion = 10.0.40219.1
Project("{FAE04EC0-301F-11D3-BF4B-00C04F79EFBC}") = "AlojamientosDavid", "AlojamientosDavid\AlojamientosDavid.csproj", "{DCAD13A7-5C97-43CD-B799-EE46F30CED08}"
EndProject
Project("{FAE04EC0-301F-11D3-BF4B-00C04F79EFBC}") = "CapaDatos", "CapaDatos\CapaDatos.csproj", "{A4039E60-5072-4684-A130-140B35A485B5}"
EndProject
Project("{FAE04EC0-301F-11D3-BF4B-00C04F79EFBC}") = "Entities", "Entities\Entities.csproj", "{79DDC12D-2472-4095-9FBC-98093EF83F7D}"
EndProject
Project("{FAE04EC0-301F-11D3-BF4B-00C04F79EFBC}") = "BuscarServidor", "BuscarServidor\BuscarServidor.csproj", "{F32EA2A6-0B15-4994-B261-AA1C4C879770}"
EndProject
Global
	GlobalSection(SolutionConfigurationPlatforms) = preSolution
		Debug|Any CPU = Debug|Any CPU
		Release|Any CPU = Release|Any CPU
	EndGlobalSection
	GlobalSection(ProjectConfigurationPlatforms) = postSolution
		{DCAD13A7-5C97-43CD-B799-EE46F30CED08}.Debug|Any CPU.ActiveCfg = Debug|Any CPU
		{DCAD13A7-5C97-43CD-B799-EE46F30CED08}.Debug|Any CPU.Build.0 = Debug|Any CPU
		{DCAD13A7-5C97-43CD-B799-EE46F30CED08}.Release|Any CPU.ActiveCfg = Release|Any CPU
		{DCAD13A7-5C97-43CD-B799-EE46F30CED08}.Release|Any CPU.Build.0 = Release|Any CPU
		{A4039E60-5072-4684-A130-140B35A485B5}.Debug|Any CPU.ActiveCfg = Debug|Any CPU
		{A4039E60-5072-4684-A130-140B35A485B5}.Debug|Any CPU.Build.0 = Debug|Any CPU
		{A4039E60-5072-4684-A130-140B35A485B5}.Release|Any CPU.ActiveCfg = Release|Any CPU
		{A4039E60-5072-4684-A130-140B35A485B5}.Release|Any CPU.Build.0 = Release|Any CPU
		{79DDC12D-2472-4095-9FBC-98093EF83F7D}.Debug|Any CPU.ActiveCfg = Debug|Any CPU
		{79DDC12D-2472-4095-9FBC-98093EF83F7D}.Debug|Any CPU.Build.0 = Debug|Any CPU
		{79DDC12D-2472-4095-9FBC-98093EF83F7D}.Release|Any CPU.ActiveCfg = Release|Any CPU
		{79DDC12D-2472-4095-9FBC-98093EF83F7D}.Release|Any CPU.Build.0 = Release|Any CPU
		{F32EA2A6-0B15-4994-B261-AA1C4C879770}.Debug|Any CPU.ActiveCfg = Debug|Any CPU
		{F32EA2A6-0B15-4994-B261-AA1C4C879770}.Debug|Any CPU.Build.0 = Debug|Any CPU
		{F32EA2A6-0B15-4994-B261-AA1C4C879770}.Release|Any CPU.ActiveCfg = Release|Any CPU
		{F32EA2A6-0B15-4994-B261-AA1C4C879770}.Release|Any CPU.Build.0 = Release|Any CPU
	EndGlobalSection
	GlobalSection(SolutionProperties) = preSolution
		HideSolutionNode = FALSE
	EndGlobalSection
	GlobalSection(ExtensibilityGlobals) = postSolution
		SolutionGuid = {550DE2B1-FE83-498E-B616-FBD45C875E38}
	EndGlobalSection
EndGlobal
